
Microsoft Visual Studio Solution File, Format Version 12.00
# Visual Studio Version 17
VisualStudioVersion = 17.4.33122.133
MinimumVisualStudioVersion = 10.0.40219.1
Project("{9A19103F-16F7-4668-BE54-9A1E7A4F7556}") = "MovieApp", "MovieApp\MovieApp.csproj", "{48BC3806-6920-4C30-B3CB-42EA99E3905A}"
EndProject
Global
	GlobalSection(SolutionConfigurationPlatforms) = preSolution
		Debug|Any CPU = Debug|Any CPU
		Release|Any CPU = Release|Any CPU
	EndGlobalSection
	GlobalSection(ProjectConfigurationPlatforms) = postSolution
		{48BC3806-6920-4C30-B3CB-42EA99E3905A}.Debug|Any CPU.ActiveCfg = Debug|Any CPU
		{48BC3806-6920-4C30-B3CB-42EA99E3905A}.Debug|Any CPU.Build.0 = Debug|Any CPU
		{48BC3806-6920-4C30-B3CB-42EA99E3905A}.Release|Any CPU.ActiveCfg = Release|Any CPU
		{48BC3806-6920-4C30-B3CB-42EA99E3905A}.Release|Any CPU.Build.0 = Release|Any CPU
	EndGlobalSection
	GlobalSection(SolutionProperties) = preSolution
		HideSolutionNode = FALSE
	EndGlobalSection
	GlobalSection(ExtensibilityGlobals) = postSolution
		SolutionGuid = {BD1B8D19-16E6-4B3C-84E5-EC92AD36A591}
	EndGlobalSection
EndGlobal
